
Microsoft Visual Studio Solution File, Format Version 12.00
# Visual Studio Version 17
VisualStudioVersion = 17.7.34018.315
MinimumVisualStudioVersion = 10.0.40219.1
Project("{FAE04EC0-301F-11D3-BF4B-00C04F79EFBC}") = "SistemaGestionCoderHouse", "SistemaGestionCoderHouse.csproj", "{406B3041-4D1F-4501-A841-2E800C5EF14E}"
EndProject
Global
	GlobalSection(SolutionConfigurationPlatforms) = preSolution
		Debug|Any CPU = Debug|Any CPU
		Release|Any CPU = Release|Any CPU
	EndGlobalSection
	GlobalSection(ProjectConfigurationPlatforms) = postSolution
		{406B3041-4D1F-4501-A841-2E800C5EF14E}.Debug|Any CPU.ActiveCfg = Debug|Any CPU
		{406B3041-4D1F-4501-A841-2E800C5EF14E}.Debug|Any CPU.Build.0 = Debug|Any CPU
		{406B3041-4D1F-4501-A841-2E800C5EF14E}.Release|Any CPU.ActiveCfg = Release|Any CPU
		{406B3041-4D1F-4501-A841-2E800C5EF14E}.Release|Any CPU.Build.0 = Release|Any CPU
	EndGlobalSection
	GlobalSection(SolutionProperties) = preSolution
		HideSolutionNode = FALSE
	EndGlobalSection
	GlobalSection(ExtensibilityGlobals) = postSolution
		SolutionGuid = {3E92ED08-DEB9-49A8-A4AC-3F95CEBED4C9}
	EndGlobalSection
EndGlobal
